# THIS IS AN AUTOGENERATED FILE. DO NOT EDIT THIS FILE DIRECTLY.
# yarn lockfile v1


deep-equal@~0.2.0:
  version "0.2.2"
  resolved "https://registry.yarnpkg.com/deep-equal/-/deep-equal-0.2.2.tgz#84b745896f34c684e98f2ce0e42abaf43bba017d"
  integrity sha512-FXgye2Jr6oEk01S7gmSrHrPEQ1ontR7wwl+nYiZ8h4SXlHVm0DYda74BIPcHz2s2qPz4+375IcAz1vsWLwddgQ==

defined@~0.0.0:
  version "0.0.0"
  resolved "https://registry.yarnpkg.com/defined/-/defined-0.0.0.tgz#f35eea7d705e933baf13b2f03b3f83d921403b3e"
  integrity sha512-zpqiCT8bODLu3QSmLLic8xJnYWBFjOSu/fBCm189oAiTtPq/PSanNACKZDS7kgSyCJY7P+IcODzlIogBK/9RBg==

glob@~3.2.9:
  version "3.2.11"
  resolved "https://registry.yarnpkg.com/glob/-/glob-3.2.11.tgz#4a973f635b9190f715d10987d5c00fd2815ebe3d"
  integrity sha512-hVb0zwEZwC1FXSKRPFTeOtN7AArJcJlI6ULGLtrstaswKNlrTJqAA+1lYlSUop4vjA423xlBzqfVS3iWGlqJ+g==
  dependencies:
    inherits "2"
    minimatch "0.3"

hrm-cpu@^0.2.3:
  version "0.2.3"
  resolved "https://registry.yarnpkg.com/hrm-cpu/-/hrm-cpu-0.2.3.tgz#eb8d237019c040c05b5bd47bcb7c200bb7bbc9c3"
  integrity sha512-VRJCQQ9rjPimLrCABLdbEh2odpoV9BcrxSx3hYqgWK0tj1f+4LvW69f63QMAXlb2UYOKTRvJf0Se89PrbyXb0g==
  dependencies:
    hrm-parser "^0.2.0"

hrm-level-data@^1.0.0, hrm-level-data@^1.1.0, hrm-level-data@^1.1.2:
  version "1.1.2"
  resolved "https://registry.yarnpkg.com/hrm-level-data/-/hrm-level-data-1.1.2.tgz#cc51c10679212deef7b6998c38290a54e240dc24"
  integrity sha512-SMYDb9NGEyAKoNKc7Fx4oRW9jIX0y03p0WZjC1F5ouSq1/jH55Kcez36subx9GuRsiRU3WjbXPFXaO6owqSp/g==

hrm-level-inbox-generator@0.0.4:
  version "0.0.4"
  resolved "https://registry.yarnpkg.com/hrm-level-inbox-generator/-/hrm-level-inbox-generator-0.0.4.tgz#debac9b74865ab869985212ff1e478dfa7dd370b"
  integrity sha512-g9aaX3CiP1vFTODL6QZPmSq1FwUH0PT07sXjGILH3arDLscwy1YYqVL+9mwqW6PK3MvLe6lqWvK4Yl9gba280g==
  dependencies:
    hrm-level-data "^1.0.0"
    mersenne-twister "^1.0.1"

hrm-level-outbox-generator@0.0.2:
  version "0.0.2"
  resolved "https://registry.yarnpkg.com/hrm-level-outbox-generator/-/hrm-level-outbox-generator-0.0.2.tgz#017dcde92ce5e8cbcc7e8cbc533540be88429610"
  integrity sha512-6Ev8EpD5qzrkaOHoyel/9i9eAFfEWacT8GCYM5LGgtFRbWmKvwFE8oxxQ3L0iDNrJmoqWQuqqYN09h/j5bo+1w==
  dependencies:
    hrm-level-data "^1.1.0"
    quick-primefactors "^1.0.0"

hrm-parser@^0.2.0, hrm-parser@^0.2.2:
  version "0.2.2"
  resolved "https://registry.yarnpkg.com/hrm-parser/-/hrm-parser-0.2.2.tgz#0449a9611ba6171c3f794140c1b28cee8399d7fe"
  integrity sha512-VNgal6CkSfB34AerGV6Jlc+a1eeEfGKkXwg91GMt1iwBSMNpPY/1Eee5tgtL77tsyqZNF7CfCmOqL4wS5BHBRQ==

inherits@2, inherits@~2.0.1:
  version "2.0.4"
  resolved "https://registry.yarnpkg.com/inherits/-/inherits-2.0.4.tgz#0fa2c64f932917c3433a0ded55363aae37416b7c"
  integrity sha512-k/vGaX4/Yla3WzyMCvTQOXYeIHvqOKtnqBduzTHpzpQZzAskKMhZ2K+EnBiSM9zGSoIFeMpXKxa4dYeZIQqewQ==

lodash._basecallback@^3.0.0:
  version "3.3.1"
  resolved "https://registry.yarnpkg.com/lodash._basecallback/-/lodash._basecallback-3.3.1.tgz#b7b2bb43dc2160424a21ccf26c57e443772a8e27"
  integrity sha512-LQffghuO63ufDY33KKO1ezGKbcFZK3ngYV7JpxaUomoM5acf0YeXU3Pm8csVE0girVs50TXzfNibl69Co3ggJA==
  dependencies:
    lodash._baseisequal "^3.0.0"
    lodash._bindcallback "^3.0.0"
    lodash.isarray "^3.0.0"
    lodash.pairs "^3.0.0"

lodash._baseeach@^3.0.0:
  version "3.0.4"
  resolved "https://registry.yarnpkg.com/lodash._baseeach/-/lodash._baseeach-3.0.4.tgz#cf8706572ca144e8d9d75227c990da982f932af3"
  integrity sha512-IqUZ9MQo2UT1XPGuBntInqTOlc+oV+bCo0kMp+yuKGsfvRSNgUW0YjWVZUrG/gs+8z/Eyuc0jkJjOBESt9BXxg==
  dependencies:
    lodash.keys "^3.0.0"

lodash._basefind@^3.0.0:
  version "3.0.0"
  resolved "https://registry.yarnpkg.com/lodash._basefind/-/lodash._basefind-3.0.0.tgz#b2bba05cc645f972de2cf925fa2bf63a0f60c8ae"
  integrity sha512-OCYxW9f0nMWjRaJyvGxrM/x/xGZTIYEiz+PyFux4YIZr7DtXLQpmCc6aDJdhPA1vnnsrY+N7BvS76hAdlnGHfg==

lodash._basefindindex@^3.0.0:
  version "3.6.0"
  resolved "https://registry.yarnpkg.com/lodash._basefindindex/-/lodash._basefindindex-3.6.0.tgz#f083360a1b022418ed81bc899beb312e21e74a4f"
  integrity sha512-Ay3Ok74tVwGB79L5lVZlVgpGYjV9ty8DEVPxIUhgGGkqrqk6I+BPJ5kUIxd5S1b2Qg03VXtdg/Dpv2zcwQReoA==

lodash._baseisequal@^3.0.0:
  version "3.0.7"
  resolved "https://registry.yarnpkg.com/lodash._baseisequal/-/lodash._baseisequal-3.0.7.tgz#d8025f76339d29342767dcc887ce5cb95a5b51f1"
  integrity sha512-U+3GsNEZj9ebI03ncLC2pLmYVjgtYZEwdkAPO7UGgtGvAz36JVFPAQUufpSaVL93Cz5arc6JGRKZRhaOhyVJYA==
  dependencies:
    lodash.isarray "^3.0.0"
    lodash.istypedarray "^3.0.0"
    lodash.keys "^3.0.0"

lodash._bindcallback@^3.0.0:
  version "3.0.1"
  resolved "https://registry.yarnpkg.com/lodash._bindcallback/-/lodash._bindcallback-3.0.1.tgz#e531c27644cf8b57a99e17ed95b35c748789392e"
  integrity sha512-2wlI0JRAGX8WEf4Gm1p/mv/SZ+jLijpj0jyaE/AXeuQphzCgD8ZQW4oSpoN8JAopujOFGU3KMuq7qfHBWlGpjQ==

lodash._createaggregator@^3.0.0:
  version "3.0.0"
  resolved "https://registry.yarnpkg.com/lodash._createaggregator/-/lodash._createaggregator-3.0.0.tgz#d66cbf39949b050d87df53461f0d059dfb08dc9f"
  integrity sha512-/rEhjDpIe+bFxnIC/3Ux14wrawBmr0//hS8ZZAV5urvkF5vN+o7peoUMcr1n7y6ZQB+g14xNxvRpOmWWEg7/Hw==
  dependencies:
    lodash._basecallback "^3.0.0"
    lodash._baseeach "^3.0.0"
    lodash.isarray "^3.0.0"

lodash._getnative@^3.0.0:
  version "3.9.1"
  resolved "https://registry.yarnpkg.com/lodash._getnative/-/lodash._getnative-3.9.1.tgz#570bc7dede46d61cdcde687d65d3eecbaa3aaff5"
  integrity sha512-RrL9VxMEPyDMHOd9uFbvMe8X55X16/cGM5IgOKgRElQZutpX89iS6vwl64duTV1/16w5JY7tuFNXqoekmh1EmA==

lodash.find@^3.2.1:
  version "3.2.1"
  resolved "https://registry.yarnpkg.com/lodash.find/-/lodash.find-3.2.1.tgz#046e319f3ace912ac6c9246c7f683c5ec07b36ad"
  integrity sha512-pN4ZB4KEepNd/97vLC5F3rl1tAAa5uWvISru2psLyLA8BtqBQwOA+2D7fdusG0aGmElOEurbSMlKI3UxjqoLQg==
  dependencies:
    lodash._basecallback "^3.0.0"
    lodash._baseeach "^3.0.0"
    lodash._basefind "^3.0.0"
    lodash._basefindindex "^3.0.0"
    lodash.isarray "^3.0.0"
    lodash.keys "^3.0.0"

lodash.indexby@^3.1.1:
  version "3.1.1"
  resolved "https://registry.yarnpkg.com/lodash.indexby/-/lodash.indexby-3.1.1.tgz#f2caab0ff279837858147730d863cdd80c1c042e"
  integrity sha512-zPHU9bnazVa/7ZzYmwdKMBzw+wFjoWntBz3o1WDOvG+gdzT1w+RfABqtQSLVmEdM4mQ7Bi4/9Kyurf2EAMWHLw==
  dependencies:
    lodash._createaggregator "^3.0.0"
    lodash.keys "^3.0.0"

lodash.isarguments@^3.0.0:
  version "3.1.0"
  resolved "https://registry.yarnpkg.com/lodash.isarguments/-/lodash.isarguments-3.1.0.tgz#2f573d85c6a24289ff00663b491c1d338ff3458a"
  integrity sha512-chi4NHZlZqZD18a0imDHnZPrDeBbTtVN7GXMwuGdRH9qotxAjYs3aVLKc7zNOG9eddR5Ksd8rvFEBc9SsggPpg==

lodash.isarray@^3.0.0:
  version "3.0.4"
  resolved "https://registry.yarnpkg.com/lodash.isarray/-/lodash.isarray-3.0.4.tgz#79e4eb88c36a8122af86f844aa9bcd851b5fbb55"
  integrity sha512-JwObCrNJuT0Nnbuecmqr5DgtuBppuCvGD9lxjFpAzwnVtdGoDQ1zig+5W8k5/6Gcn0gZ3936HDAlGd28i7sOGQ==

lodash.istypedarray@^3.0.0:
  version "3.0.6"
  resolved "https://registry.yarnpkg.com/lodash.istypedarray/-/lodash.istypedarray-3.0.6.tgz#c9a477498607501d8e8494d283b87c39281cef62"
  integrity sha512-lGWJ6N8AA3KSv+ZZxlTdn4f6A7kMfpJboeyvbFdE7IU9YAgweODqmOgdUHOA+c6lVWeVLysdaxciFXi+foVsWw==

lodash.keys@^3.0.0:
  version "3.1.2"
  resolved "https://registry.yarnpkg.com/lodash.keys/-/lodash.keys-3.1.2.tgz#4dbc0472b156be50a0b286855d1bd0b0c656098a"
  integrity sha512-CuBsapFjcubOGMn3VD+24HOAPxM79tH+V6ivJL3CHYjtrawauDJHUk//Yew9Hvc6e9rbCrURGk8z6PC+8WJBfQ==
  dependencies:
    lodash._getnative "^3.0.0"
    lodash.isarguments "^3.0.0"
    lodash.isarray "^3.0.0"

lodash.pairs@^3.0.0:
  version "3.0.1"
  resolved "https://registry.yarnpkg.com/lodash.pairs/-/lodash.pairs-3.0.1.tgz#bbe08d5786eeeaa09a15c91ebf0dcb7d2be326a9"
  integrity sha512-lgXvpU43ZNQrZ/pK2cR97YzKeAno3e3HhcyvLKsofljeHKrQcZhT1vW7fg4X61c92tM+mjD/DypoLZYuAKNIkQ==
  dependencies:
    lodash.keys "^3.0.0"

lru-cache@2:
  version "2.7.3"
  resolved "https://registry.yarnpkg.com/lru-cache/-/lru-cache-2.7.3.tgz#6d4524e8b955f95d4f5b58851ce21dd72fb4e952"
  integrity sha512-WpibWJ60c3AgAz8a2iYErDrcT2C7OmKnsWhIcHOjkUHFjkXncJhtLxNSqUmxRxRunpb5I8Vprd7aNSd2NtksJQ==

mersenne-twister@^1.0.1:
  version "1.1.0"
  resolved "https://registry.yarnpkg.com/mersenne-twister/-/mersenne-twister-1.1.0.tgz#f916618ee43d7179efcf641bec4531eb9670978a"
  integrity sha512-mUYWsMKNrm4lfygPkL3OfGzOPTR2DBlTkBNHM//F6hGp8cLThY897crAlk3/Jo17LEOOjQUrNAx6DvgO77QJkA==

minimatch@0.3:
  version "0.3.0"
  resolved "https://registry.yarnpkg.com/minimatch/-/minimatch-0.3.0.tgz#275d8edaac4f1bb3326472089e7949c8394699dd"
  integrity sha512-WFX1jI1AaxNTZVOHLBVazwTWKaQjoykSzCBNXB72vDTCzopQGtyP91tKdFK5cv1+qMwPyiTu1HqUriqplI8pcA==
  dependencies:
    lru-cache "2"
    sigmund "~1.0.0"

object-inspect@~0.4.0:
  version "0.4.0"
  resolved "https://registry.yarnpkg.com/object-inspect/-/object-inspect-0.4.0.tgz#f5157c116c1455b243b06ee97703392c5ad89fec"
  integrity sha512-8WvkvUZiKAjjsy/63rJjA7jw9uyF0CLVLjBKEfnPHE3Jxvs1LgwqL2OmJN+LliIX1vrzKW+AAu02Cc+xv27ncQ==

quick-primefactors@^1.0.0:
  version "1.1.0"
  resolved "https://registry.yarnpkg.com/quick-primefactors/-/quick-primefactors-1.1.0.tgz#4942f421708e72467f2712b6618121b8b5ff2b16"
  integrity sha512-3eeHyzjOD7uEAuqXsyIO/js3fb/S067utZerxXHbPN9HS2TWrY59AEWdINVsUsa548cU0c3VnKuWUNzG+qRiMQ==
  dependencies:
    lodash.find "^3.2.1"
    lodash.indexby "^3.1.1"
    sieve-of-eratosthenes "0.0.2"

resumer@~0.0.0:
  version "0.0.0"
  resolved "https://registry.yarnpkg.com/resumer/-/resumer-0.0.0.tgz#f1e8f461e4064ba39e82af3cdc2a8c893d076759"
  integrity sha512-Fn9X8rX8yYF4m81rZCK/5VmrmsSbqS/i3rDLl6ZZHAXgC2nTAx3dhwG8q8odP/RmdLa2YrybDJaAMg+X1ajY3w==
  dependencies:
    through "~2.3.4"

sieve-of-eratosthenes@0.0.2:
  version "0.0.2"
  resolved "https://registry.yarnpkg.com/sieve-of-eratosthenes/-/sieve-of-eratosthenes-0.0.2.tgz#d07f5dcd9f96a2a12d652f477030d44ebb6e3faf"
  integrity sha512-DGfKrlAligX8vbh7FocBBsrK/p8RWP+/+abN6ROzSWd9+maGL/UJ3OkiAzupOKMJtK8iZ+uaY9JLL3D3JZAL0A==
  dependencies:
    tape "^3.0.3"

sigmund@~1.0.0:
  version "1.0.1"
  resolved "https://registry.yarnpkg.com/sigmund/-/sigmund-1.0.1.tgz#3ff21f198cad2175f9f3b781853fd94d0d19b590"
  integrity sha512-fCvEXfh6NWpm+YSuY2bpXb/VIihqWA6hLsgboC+0nl71Q7N7o2eaCW8mJa/NLvQhs6jpd3VZV4UiUQlV6+lc8g==

tape@^3.0.3:
  version "3.6.1"
  resolved "https://registry.yarnpkg.com/tape/-/tape-3.6.1.tgz#4893dd53e280a5f58c0ceb30c2c0ebb3bcd51e1f"
  integrity sha512-Qy+shSMwr+bg5NwJhrdCKNOS7BEoo/SEjE+dF4a2OYR73f6ocH5ioLIHE6TuttjONmR3HYlOXwSqFTxUDFJtGg==
  dependencies:
    deep-equal "~0.2.0"
    defined "~0.0.0"
    glob "~3.2.9"
    inherits "~2.0.1"
    object-inspect "~0.4.0"
    resumer "~0.0.0"
    through "~2.3.4"

through@~2.3.4:
  version "2.3.8"
  resolved "https://registry.yarnpkg.com/through/-/through-2.3.8.tgz#0dd4c9ffaabc357960b1b724115d7e0e86a2e1f5"
  integrity sha512-w89qg7PI8wAdvX60bMDP+bFoD5Dvhm9oLheFp5O4a2QF0cSBGsBX4qZmadPMvVqlLJBBci+WqGGOAPvcDeNSVg==
